{
  "lockfileVersion": 1,
  "configVersion": 1,
  "workspaces": {
    "": {
      "name": "gorsee",
      "dependencies": {
        "alien-signals": "3.1.2",
        "devalue": "5.6.3",
        "oxc-parser": "0.116.0",
        "rolldown": "1.0.0-rc.7",
        "typescript": "5.9.3",
      },
      "devDependencies": {
        "@types/bun": "1.3.10",
        "playwright": "1.58.2",
      },
    },
  },
  "packages": {
    "@emnapi/core": ["@emnapi/core@1.8.1", "", { "dependencies": { "@emnapi/wasi-threads": "1.1.0", "tslib": "^2.4.0" } }, "sha512-AvT9QFpxK0Zd8J0jopedNm+w/2fIzvtPKPjqyw9jwvBaReTTqPBk9Hixaz7KbjimP+QNz605/XnjFcDAL2pqBg=="],

    "@emnapi/runtime": ["@emnapi/runtime@1.8.1", "", { "dependencies": { "tslib": "^2.4.0" } }, "sha512-mehfKSMWjjNol8659Z8KxEMrdSJDDot5SXMq00dM8BN4o+CLNXQ0xH2V7EchNHV4RmbZLmmPdEaXZc5H2FXmDg=="],

    "@emnapi/wasi-threads": ["@emnapi/wasi-threads@1.1.0", "", { "dependencies": { "tslib": "^2.4.0" } }, "sha512-WI0DdZ8xFSbgMjR1sFsKABJ/C5OnRrjT06JXbZKexJGrDuPTzZdDYfFlsgcCXCyf+suG5QU2e/y1Wo2V/OapLQ=="],

    "@napi-rs/wasm-runtime": ["@napi-rs/wasm-runtime@1.1.1", "", { "dependencies": { "@emnapi/core": "^1.7.1", "@emnapi/runtime": "^1.7.1", "@tybys/wasm-util": "^0.10.1" } }, "sha512-p64ah1M1ld8xjWv3qbvFwHiFVWrq1yFvV4f7w+mzaqiR4IlSgkqhcRdHwsGgomwzBH51sRY4NEowLxnaBjcW/A=="],

    "@oxc-parser/binding-android-arm-eabi": ["@oxc-parser/binding-android-arm-eabi@0.116.0", "", { "os": "android", "cpu": "arm" }, "sha512-AOET7YIOU3+ANO/3xQeRVGN5Xx6+JGXaIwlqkcHSfxJ/zzw2B6jb0YaLhX45SeRluKVTU8rka4N/tHtNoJjoCg=="],

    "@oxc-parser/binding-android-arm64": ["@oxc-parser/binding-android-arm64@0.116.0", "", { "os": "android", "cpu": "arm64" }, "sha512-yh0Zvth5cQ6XZkP3QF9MDrXf695zr5XxXq/wBQqpZb0uAgI9wpr98/Hx2RZITMfnNjkIq2VcyU44o3A0bdEmlQ=="],

    "@oxc-parser/binding-darwin-arm64": ["@oxc-parser/binding-darwin-arm64@0.116.0", "", { "os": "darwin", "cpu": "arm64" }, "sha512-plcTd/Jska55dToZz6XdRBPRVsj+asjD8QCpQFvt3Wj8pY+10D1pE53Mei3POAS/wSRSy7HiQ2twrm7H2A0CjA=="],

    "@oxc-parser/binding-darwin-x64": ["@oxc-parser/binding-darwin-x64@0.116.0", "", { "os": "darwin", "cpu": "x64" }, "sha512-ahqcF3e3x5Z2ZepzXpZ8ugREdmxvBL+g1nQ0SxO11pIZfck6UtbOtwtdAAxnQXBHHtidu7lPcrBq1SEx26t1PQ=="],

    "@oxc-parser/binding-freebsd-x64": ["@oxc-parser/binding-freebsd-x64@0.116.0", "", { "os": "freebsd", "cpu": "x64" }, "sha512-yo2/LaSXtlzKBurvNbwun/sN/RJwW3XhbMr069FwNVtft7GBnaLLdPIz/sf47icxw/BPViEX6wFvzeD12mtrAg=="],

    "@oxc-parser/binding-linux-arm-gnueabihf": ["@oxc-parser/binding-linux-arm-gnueabihf@0.116.0", "", { "os": "linux", "cpu": "arm" }, "sha512-EiZeliIPPdFsuaPx8PzDMVijD/4YaUxO46/eYPk5raRocJqjjxOG6GAacQ8UrG3fbrgYjaEChfYL1e8DyE445A=="],

    "@oxc-parser/binding-linux-arm-musleabihf": ["@oxc-parser/binding-linux-arm-musleabihf@0.116.0", "", { "os": "linux", "cpu": "arm" }, "sha512-Nf7hnKRYRSIgglQcLAqE2St4b/Yr6dh+Z7in8mxol065Knevw71XZAiV1fmPSojq6uKPLV9eoH/wFrgr4TnZXw=="],

    "@oxc-parser/binding-linux-arm64-gnu": ["@oxc-parser/binding-linux-arm64-gnu@0.116.0", "", { "os": "linux", "cpu": "arm64" }, "sha512-9SJI0S4Qggn3QHpT8Y1jtZceA0m4BlpvO3ne2Wxd33UdTHMmelAnrXryjWutHWQtjCzOwSnFBEoQAdNNyt1u3A=="],

    "@oxc-parser/binding-linux-arm64-musl": ["@oxc-parser/binding-linux-arm64-musl@0.116.0", "", { "os": "linux", "cpu": "arm64" }, "sha512-wMZ6//GI+q1JwO7G2OR51+eA5P8Gr3BobU8RAzCGJptvyGMkWb7KQ1E8s8naVZRr6bSGWAL2p3mCzKOxmEPmrA=="],

    "@oxc-parser/binding-linux-ppc64-gnu": ["@oxc-parser/binding-linux-ppc64-gnu@0.116.0", "", { "os": "linux", "cpu": "ppc64" }, "sha512-5BO0KCzTG2HZTnp3r6SCAOeCs/GwFBQJ1WAOG/ROfDf1fVVEy6hrtLKTLCuUMaamH38v+1+RVEmzRkzBj+rMDQ=="],

    "@oxc-parser/binding-linux-riscv64-gnu": ["@oxc-parser/binding-linux-riscv64-gnu@0.116.0", "", { "os": "linux", "cpu": "none" }, "sha512-M24gYb/ocVMnLwnH2wY5sLt4sRBkAUHDmfiYtyUYdKTkfPOKtpopd5otsL/BPLnIhpMD8zby4uXVvw7BU0UIlw=="],

    "@oxc-parser/binding-linux-riscv64-musl": ["@oxc-parser/binding-linux-riscv64-musl@0.116.0", "", { "os": "linux", "cpu": "none" }, "sha512-LHLXTHCH0bdvGjlitwr1ngeh32GAgq9HYzQ5VAgt0k0UT84AS8AkXj9Spoa9l20fXkVgSvAKcCEkydi4Ol23Dw=="],

    "@oxc-parser/binding-linux-s390x-gnu": ["@oxc-parser/binding-linux-s390x-gnu@0.116.0", "", { "os": "linux", "cpu": "s390x" }, "sha512-VE+XsztuE5jdHvLIDIQMuyDpz5NJGq1Vx/8EXYF0sS/gehlv9GhDpGVWU0SCZ/LjzIy4io/Z0W84UudqufvP3g=="],

    "@oxc-parser/binding-linux-x64-gnu": ["@oxc-parser/binding-linux-x64-gnu@0.116.0", "", { "os": "linux", "cpu": "x64" }, "sha512-rxUkauyjjCmgA7BoR63ogRGEtgubROnCm8AXE9ydg+p42jCGLLqG05mFcS2eC+FYyAU58ZFJNXXeqFW1iCyTGQ=="],

    "@oxc-parser/binding-linux-x64-musl": ["@oxc-parser/binding-linux-x64-musl@0.116.0", "", { "os": "linux", "cpu": "x64" }, "sha512-0zoZlk9MmXe6oTgSh5lT1D51SDC1bfwC96JmE1amMFAPdEbJk5MFRisfTN9TFBpBigQua65842tjaxqMiorAYw=="],

    "@oxc-parser/binding-openharmony-arm64": ["@oxc-parser/binding-openharmony-arm64@0.116.0", "", { "os": "none", "cpu": "arm64" }, "sha512-PGS7Xqik77U9WMyW626gAD5A2rSN629UvyYJKAl/tgpT+KqZI4+56pJfExhv8IW/PpSHjYHwjmakwobLikz8ww=="],

    "@oxc-parser/binding-wasm32-wasi": ["@oxc-parser/binding-wasm32-wasi@0.116.0", "", { "dependencies": { "@napi-rs/wasm-runtime": "^1.1.1" }, "cpu": "none" }, "sha512-lGNf/9PU8XxB4Gt1Gr1AKwSrjxGYa6os0PlrT4bpoQsfE3gaZonQTKwJyKhiQdgy7pBCI+ed1LB1NNib1FYULw=="],

    "@oxc-parser/binding-win32-arm64-msvc": ["@oxc-parser/binding-win32-arm64-msvc@0.116.0", "", { "os": "win32", "cpu": "arm64" }, "sha512-tcsOHE31duBSRQXZ7NfdtjmMKZwQYlS00PwAMJ4w5oXs3iPCvisUuIXP7Ko4FzeOBTRvkd64btxtQ6cRM0Kwlw=="],

    "@oxc-parser/binding-win32-ia32-msvc": ["@oxc-parser/binding-win32-ia32-msvc@0.116.0", "", { "os": "win32", "cpu": "ia32" }, "sha512-higCz/x+dOQ264YEk22hnu4RDqvjhfehjFORpxoh42QyUxsP6eIembYesBUu5ilALWo0HvRD+m89az2BSTwqpQ=="],

    "@oxc-parser/binding-win32-x64-msvc": ["@oxc-parser/binding-win32-x64-msvc@0.116.0", "", { "os": "win32", "cpu": "x64" }, "sha512-Lg2SRmVHpGG85knDVLbv44r1bYn0OpIV0vg9jVmoEIpDj3Q4kwXuQ6MWVtuslwHR8o2CSiqdBeEn1n1URrs6Eg=="],

    "@oxc-project/types": ["@oxc-project/types@0.116.0", "", {}, "sha512-uOT8S1tlPmDckNxMNtIudN/yXpLdnhlJMX2oLS7cxCd7L0sUF09A/EbSVMWT3Y/iT44IwXCJSJfgfSxXAqWf9Q=="],

    "@rolldown/binding-android-arm64": ["@rolldown/binding-android-arm64@1.0.0-rc.7", "", { "os": "android", "cpu": "arm64" }, "sha512-/uadfNUaMLFFBGvcIOiq8NnlhvTZTjOyybJaJnhGxD0n9k5vZRJfTaitH5GHnbwmc6T2PC+ZpS1FQH+vXyS/UA=="],

    "@rolldown/binding-darwin-arm64": ["@rolldown/binding-darwin-arm64@1.0.0-rc.7", "", { "os": "darwin", "cpu": "arm64" }, "sha512-zokYr1KgRn0hRA89dmgtPj/BmKp9DxgrfAJvOEFfXa8nfYWW2nmgiYIBGpSIAJrEg7Qc/Qznovy6xYwmKh0M8g=="],

    "@rolldown/binding-darwin-x64": ["@rolldown/binding-darwin-x64@1.0.0-rc.7", "", { "os": "darwin", "cpu": "x64" }, "sha512-eZFjbmrapCBVgMmuLALH3pmQQQStHFuRhsFceJHk6KISW8CkI2e9OPLp9V4qXksrySQcD8XM8fpvGLs5l5C7LQ=="],

    "@rolldown/binding-freebsd-x64": ["@rolldown/binding-freebsd-x64@1.0.0-rc.7", "", { "os": "freebsd", "cpu": "x64" }, "sha512-xjMrh8Dmu2DNwdY6DZsrF6YPGeesc3PaTlkh8v9cqmkSCNeTxnhX3ErhVnuv1j3n8t2IuuhQIwM9eZDINNEt5Q=="],

    "@rolldown/binding-linux-arm-gnueabihf": ["@rolldown/binding-linux-arm-gnueabihf@1.0.0-rc.7", "", { "os": "linux", "cpu": "arm" }, "sha512-mOvftrHiXg4/xFdxJY3T9Wl1/zDAOSlMN8z9an2bXsCwuvv3RdyhYbSMZDuDO52S04w9z7+cBd90lvQSPTAQtw=="],

    "@rolldown/binding-linux-arm64-gnu": ["@rolldown/binding-linux-arm64-gnu@1.0.0-rc.7", "", { "os": "linux", "cpu": "arm64" }, "sha512-TuUkeuEEPRyXMBbJ86NRhAiPNezxHW8merl3Om2HASA9Pl1rI+VZcTtsVQ6v/P0MDIFpSl0k0+tUUze9HIXyEw=="],

    "@rolldown/binding-linux-arm64-musl": ["@rolldown/binding-linux-arm64-musl@1.0.0-rc.7", "", { "os": "linux", "cpu": "arm64" }, "sha512-G43ZElEvaby+YSOgrXfBgpeQv42LdS0ivFFYQufk2tBDWeBfzE/+ob5DmO8Izbyn4Y8k6GgLF11jFDYNnmU/3w=="],

    "@rolldown/binding-linux-ppc64-gnu": ["@rolldown/binding-linux-ppc64-gnu@1.0.0-rc.7", "", { "os": "linux", "cpu": "ppc64" }, "sha512-Y48ShVxGE2zUTt0A0PR3grCLNxW4DWtAfe5lxf6L3uYEQujwo/LGuRogMsAtOJeYLCPTJo2i714LOdnK34cHpw=="],

    "@rolldown/binding-linux-s390x-gnu": ["@rolldown/binding-linux-s390x-gnu@1.0.0-rc.7", "", { "os": "linux", "cpu": "s390x" }, "sha512-KU5DUYvX3qI8/TX6D3RA4awXi4Ge/1+M6Jqv7kRiUndpqoVGgD765xhV3Q6QvtABnYjLJenrWDl3S1B5U56ixA=="],

    "@rolldown/binding-linux-x64-gnu": ["@rolldown/binding-linux-x64-gnu@1.0.0-rc.7", "", { "os": "linux", "cpu": "x64" }, "sha512-1THb6FdBkAEL12zvUue2bmK4W1+P+tz8Pgu5uEzq+xrtYa3iBzmmKNlyfUzCFNCqsPd8WJEQrYdLcw4iMW4AVw=="],

    "@rolldown/binding-linux-x64-musl": ["@rolldown/binding-linux-x64-musl@1.0.0-rc.7", "", { "os": "linux", "cpu": "x64" }, "sha512-12o73atFNWDgYnLyA52QEUn9AH8pHIe12W28cmqjyHt4bIEYRzMICvYVCPa2IQm6DJBvCBrEhD9K+ct4wr2hwg=="],

    "@rolldown/binding-openharmony-arm64": ["@rolldown/binding-openharmony-arm64@1.0.0-rc.7", "", { "os": "none", "cpu": "arm64" }, "sha512-+uUgGwvuUCXl894MTsmTS2J0BnCZccFsmzV7y1jFxW5pTSxkuwL5agyPuDvDOztPeS6RrdqWkn7sT0jRd0ECkg=="],

    "@rolldown/binding-wasm32-wasi": ["@rolldown/binding-wasm32-wasi@1.0.0-rc.7", "", { "dependencies": { "@napi-rs/wasm-runtime": "^1.1.1" }, "cpu": "none" }, "sha512-53p2L/NSy21UiFOqUGlC11kJDZS2Nx2GJRz1QvbkXovypA3cOHbsyZHLkV72JsLSbiEQe+kg4tndUhSiC31UEA=="],

    "@rolldown/binding-win32-arm64-msvc": ["@rolldown/binding-win32-arm64-msvc@1.0.0-rc.7", "", { "os": "win32", "cpu": "arm64" }, "sha512-K6svNRljO6QrL6VTKxwh4yThhlR9DT/tK0XpaFQMnJwwQKng+NYcVEtUkAM0WsoiZHw+Hnh3DGnn3taf/pNYGg=="],

    "@rolldown/binding-win32-x64-msvc": ["@rolldown/binding-win32-x64-msvc@1.0.0-rc.7", "", { "os": "win32", "cpu": "x64" }, "sha512-3ZJBT47VWLKVKIyvHhUSUgVwHzzZW761YAIkM3tOT+8ZTjFVp0acCM0Y2Z2j3jCl+XYi2d9y2uEWQ8H0PvvpPw=="],

    "@rolldown/pluginutils": ["@rolldown/pluginutils@1.0.0-rc.7", "", {}, "sha512-qujRfC8sFVInYSPPMLQByRh7zhwkGFS4+tyMQ83srV1qrxL4g8E2tyxVVyxd0+8QeBM1mIk9KbWxkegRr76XzA=="],

    "@tybys/wasm-util": ["@tybys/wasm-util@0.10.1", "", { "dependencies": { "tslib": "^2.4.0" } }, "sha512-9tTaPJLSiejZKx+Bmog4uSubteqTvFrVrURwkmHixBo0G4seD0zUxp98E1DzUBJxLQ3NPwXrGKDiVjwx/DpPsg=="],

    "@types/bun": ["@types/bun@1.3.10", "", { "dependencies": { "bun-types": "1.3.10" } }, "sha512-0+rlrUrOrTSskibryHbvQkDOWRJwJZqZlxrUs1u4oOoTln8+WIXBPmAuCF35SWB2z4Zl3E84Nl/D0P7803nigQ=="],

    "@types/node": ["@types/node@25.3.3", "", { "dependencies": { "undici-types": "~7.18.0" } }, "sha512-DpzbrH7wIcBaJibpKo9nnSQL0MTRdnWttGyE5haGwK86xgMOkFLp7vEyfQPGLOJh5wNYiJ3V9PmUMDhV9u8kkQ=="],

    "alien-signals": ["alien-signals@3.1.2", "", {}, "sha512-d9dYqZTS90WLiU0I5c6DHj/HcKkF8ZyGN3G5x8wSbslulz70KOxaqCT0hQCo9KOyhVqzqGojvNdJXoTumZOtcw=="],

    "bun-types": ["bun-types@1.3.10", "", { "dependencies": { "@types/node": "*" } }, "sha512-tcpfCCl6XWo6nCVnpcVrxQ+9AYN1iqMIzgrSKYMB/fjLtV2eyAVEg7AxQJuCq/26R6HpKWykQXuSOq/21RYcbg=="],

    "devalue": ["devalue@5.6.3", "", {}, "sha512-nc7XjUU/2Lb+SvEFVGcWLiKkzfw8+qHI7zn8WYXKkLMgfGSHbgCEaR6bJpev8Cm6Rmrb19Gfd/tZvGqx9is3wg=="],

    "fsevents": ["fsevents@2.3.2", "", { "os": "darwin" }, "sha512-xiqMQR4xAeHTuB9uWm+fFRcIOgKBMiOBP+eXiyT7jsgVCq1bkVygt00oASowB7EdtpOHaaPgKt812P9ab+DDKA=="],

    "oxc-parser": ["oxc-parser@0.116.0", "", { "dependencies": { "@oxc-project/types": "^0.116.0" }, "optionalDependencies": { "@oxc-parser/binding-android-arm-eabi": "0.116.0", "@oxc-parser/binding-android-arm64": "0.116.0", "@oxc-parser/binding-darwin-arm64": "0.116.0", "@oxc-parser/binding-darwin-x64": "0.116.0", "@oxc-parser/binding-freebsd-x64": "0.116.0", "@oxc-parser/binding-linux-arm-gnueabihf": "0.116.0", "@oxc-parser/binding-linux-arm-musleabihf": "0.116.0", "@oxc-parser/binding-linux-arm64-gnu": "0.116.0", "@oxc-parser/binding-linux-arm64-musl": "0.116.0", "@oxc-parser/binding-linux-ppc64-gnu": "0.116.0", "@oxc-parser/binding-linux-riscv64-gnu": "0.116.0", "@oxc-parser/binding-linux-riscv64-musl": "0.116.0", "@oxc-parser/binding-linux-s390x-gnu": "0.116.0", "@oxc-parser/binding-linux-x64-gnu": "0.116.0", "@oxc-parser/binding-linux-x64-musl": "0.116.0", "@oxc-parser/binding-openharmony-arm64": "0.116.0", "@oxc-parser/binding-wasm32-wasi": "0.116.0", "@oxc-parser/binding-win32-arm64-msvc": "0.116.0", "@oxc-parser/binding-win32-ia32-msvc": "0.116.0", "@oxc-parser/binding-win32-x64-msvc": "0.116.0" } }, "sha512-ugEo6wwqaqCGcpi7GsLCwSkoD7gIXzvtdaTxE+mbrXFYazU5Q9YdpZdAj9z2b79i/xlv+uW2aAvyzGAlpUzhKQ=="],

    "playwright": ["playwright@1.58.2", "", { "dependencies": { "playwright-core": "1.58.2" }, "optionalDependencies": { "fsevents": "2.3.2" }, "bin": { "playwright": "cli.js" } }, "sha512-vA30H8Nvkq/cPBnNw4Q8TWz1EJyqgpuinBcHET0YVJVFldr8JDNiU9LaWAE1KqSkRYazuaBhTpB5ZzShOezQ6A=="],

    "playwright-core": ["playwright-core@1.58.2", "", { "bin": { "playwright-core": "cli.js" } }, "sha512-yZkEtftgwS8CsfYo7nm0KE8jsvm6i/PTgVtB8DL726wNf6H2IMsDuxCpJj59KDaxCtSnrWan2AeDqM7JBaultg=="],

    "rolldown": ["rolldown@1.0.0-rc.7", "", { "dependencies": { "@oxc-project/types": "=0.115.0", "@rolldown/pluginutils": "1.0.0-rc.7" }, "optionalDependencies": { "@rolldown/binding-android-arm64": "1.0.0-rc.7", "@rolldown/binding-darwin-arm64": "1.0.0-rc.7", "@rolldown/binding-darwin-x64": "1.0.0-rc.7", "@rolldown/binding-freebsd-x64": "1.0.0-rc.7", "@rolldown/binding-linux-arm-gnueabihf": "1.0.0-rc.7", "@rolldown/binding-linux-arm64-gnu": "1.0.0-rc.7", "@rolldown/binding-linux-arm64-musl": "1.0.0-rc.7", "@rolldown/binding-linux-ppc64-gnu": "1.0.0-rc.7", "@rolldown/binding-linux-s390x-gnu": "1.0.0-rc.7", "@rolldown/binding-linux-x64-gnu": "1.0.0-rc.7", "@rolldown/binding-linux-x64-musl": "1.0.0-rc.7", "@rolldown/binding-openharmony-arm64": "1.0.0-rc.7", "@rolldown/binding-wasm32-wasi": "1.0.0-rc.7", "@rolldown/binding-win32-arm64-msvc": "1.0.0-rc.7", "@rolldown/binding-win32-x64-msvc": "1.0.0-rc.7" }, "bin": { "rolldown": "bin/cli.mjs" } }, "sha512-5X0zEeQFzDpB3MqUWQZyO2TUQqP9VnT7CqXHF2laTFRy487+b6QZyotCazOySAuZLAvplCaOVsg1tVn/Zlmwfg=="],

    "tslib": ["tslib@2.8.1", "", {}, "sha512-oJFu94HQb+KVduSUQL7wnpmqnfmLsOA/nAh6b6EH0wCEoK0/mPeXU6c3wKDV83MkOuHPRHtSXKKU99IBazS/2w=="],

    "typescript": ["typescript@5.9.3", "", { "bin": { "tsc": "bin/tsc", "tsserver": "bin/tsserver" } }, "sha512-jl1vZzPDinLr9eUt3J/t7V6FgNEw9QjvBPdysz9KfQDD41fQrC2Y4vKQdiaUpFT4bXlb1RHhLpp8wtm6M5TgSw=="],

    "undici-types": ["undici-types@7.18.2", "", {}, "sha512-AsuCzffGHJybSaRrmr5eHr81mwJU3kjw6M+uprWvCXiNeN9SOGwQ3Jn8jb8m3Z6izVgknn1R0FTCEAP2QrLY/w=="],

    "rolldown/@oxc-project/types": ["@oxc-project/types@0.115.0", "", {}, "sha512-4n91DKnebUS4yjUHl2g3/b2T+IUdCfmoZGhmwsovZCDaJSs+QkVAM+0AqqTxHSsHfeiMuueT75cZaZcT/m0pSw=="],
  }
}
